// !$*UTF8*$!
{
	archiveVersion = 1;
	classes = {
	};
	objectVersion = 56;
	objects = {

/* Begin PBXBuildFile section */
		69789D6B298B945B00FCC8E7 /* IMDB_Movie_RatingsTests.swift in Sources */ = {isa = PBXBuildFile; fileRef = 69789D6A298B945B00FCC8E7 /* IMDB_Movie_RatingsTests.swift */; };
		69789D72298B9C5200FCC8E7 /* ValidationTest.swift in Sources */ = {isa = PBXBuildFile; fileRef = 69789D71298B9C5200FCC8E7 /* ValidationTest.swift */; };
		69EEEA63298A42DD00D3EDB1 /* AppDelegate.swift in Sources */ = {isa = PBXBuildFile; fileRef = 69EEEA62298A42DD00D3EDB1 /* AppDelegate.swift */; };
		69EEEA65298A42DD00D3EDB1 /* SceneDelegate.swift in Sources */ = {isa = PBXBuildFile; fileRef = 69EEEA64298A42DD00D3EDB1 /* SceneDelegate.swift */; };
		69EEEA67298A42DD00D3EDB1 /* MovieSearchViewController.swift in Sources */ = {isa = PBXBuildFile; fileRef = 69EEEA66298A42DD00D3EDB1 /* MovieSearchViewController.swift */; };
		69EEEA6A298A42DD00D3EDB1 /* Main.storyboard in Resources */ = {isa = PBXBuildFile; fileRef = 69EEEA68298A42DD00D3EDB1 /* Main.storyboard */; };
		69EEEA6D298A42DE00D3EDB1 /* IMDB_Movie_Ratings.xcdatamodeld in Sources */ = {isa = PBXBuildFile; fileRef = 69EEEA6B298A42DD00D3EDB1 /* IMDB_Movie_Ratings.xcdatamodeld */; };
		69EEEA6F298A42E300D3EDB1 /* Assets.xcassets in Resources */ = {isa = PBXBuildFile; fileRef = 69EEEA6E298A42E300D3EDB1 /* Assets.xcassets */; };
		69EEEA72298A42E300D3EDB1 /* LaunchScreen.storyboard in Resources */ = {isa = PBXBuildFile; fileRef = 69EEEA70298A42E300D3EDB1 /* LaunchScreen.storyboard */; };
		69EEEA7A298A4BB200D3EDB1 /* HTTP Utility.swift in Sources */ = {isa = PBXBuildFile; fileRef = 69EEEA79298A4BB200D3EDB1 /* HTTP Utility.swift */; };
		69EEEA7C298A4BCF00D3EDB1 /* Global Constants.swift in Sources */ = {isa = PBXBuildFile; fileRef = 69EEEA7B298A4BCF00D3EDB1 /* Global Constants.swift */; };
		69EEEA80298A52CA00D3EDB1 /* URLRequestModel.swift in Sources */ = {isa = PBXBuildFile; fileRef = 69EEEA7F298A52CA00D3EDB1 /* URLRequestModel.swift */; };
		69EEEA83298A555800D3EDB1 /* Movie Data Model.swift in Sources */ = {isa = PBXBuildFile; fileRef = 69EEEA82298A555800D3EDB1 /* Movie Data Model.swift */; };
		69EEEA85298A68E100D3EDB1 /* MovieManager.swift in Sources */ = {isa = PBXBuildFile; fileRef = 69EEEA84298A68E100D3EDB1 /* MovieManager.swift */; };
		69EEEA88298A6F8D00D3EDB1 /* MovieCell.swift in Sources */ = {isa = PBXBuildFile; fileRef = 69EEEA87298A6F8C00D3EDB1 /* MovieCell.swift */; };
		69EEEA8A298A846D00D3EDB1 /* View Extensions.swift in Sources */ = {isa = PBXBuildFile; fileRef = 69EEEA89298A846D00D3EDB1 /* View Extensions.swift */; };
		69EEEA8C298A8A1600D3EDB1 /* MovieViewModel.swift in Sources */ = {isa = PBXBuildFile; fileRef = 69EEEA8B298A8A1600D3EDB1 /* MovieViewModel.swift */; };
/* End PBXBuildFile section */

/* Begin PBXContainerItemProxy section */
		69789D6C298B945B00FCC8E7 /* PBXContainerItemProxy */ = {
			isa = PBXContainerItemProxy;
			containerPortal = 69EEEA57298A42DD00D3EDB1 /* Project object */;
			proxyType = 1;
			remoteGlobalIDString = 69EEEA5E298A42DD00D3EDB1;
			remoteInfo = "IMDB Movie Ratings";
		};
/* End PBXContainerItemProxy section */

/* Begin PBXFileReference section */
		69789D68298B945B00FCC8E7 /* IMDB Movie RatingsTests.xctest */ = {isa = PBXFileReference; explicitFileType = wrapper.cfbundle; includeInIndex = 0; path = "IMDB Movie RatingsTests.xctest"; sourceTree = BUILT_PRODUCTS_DIR; };
		69789D6A298B945B00FCC8E7 /* IMDB_Movie_RatingsTests.swift */ = {isa = PBXFileReference; lastKnownFileType = sourcecode.swift; path = IMDB_Movie_RatingsTests.swift; sourceTree = "<group>"; };
		69789D71298B9C5200FCC8E7 /* ValidationTest.swift */ = {isa = PBXFileReference; lastKnownFileType = sourcecode.swift; path = ValidationTest.swift; sourceTree = "<group>"; };
		69EEEA5F298A42DD00D3EDB1 /* IMDB Movie Ratings.app */ = {isa = PBXFileReference; explicitFileType = wrapper.application; includeInIndex = 0; path = "IMDB Movie Ratings.app"; sourceTree = BUILT_PRODUCTS_DIR; };
		69EEEA62298A42DD00D3EDB1 /* AppDelegate.swift */ = {isa = PBXFileReference; lastKnownFileType = sourcecode.swift; path = AppDelegate.swift; sourceTree = "<group>"; };
		69EEEA64298A42DD00D3EDB1 /* SceneDelegate.swift */ = {isa = PBXFileReference; lastKnownFileType = sourcecode.swift; path = SceneDelegate.swift; sourceTree = "<group>"; };
		69EEEA66298A42DD00D3EDB1 /* MovieSearchViewController.swift */ = {isa = PBXFileReference; lastKnownFileType = sourcecode.swift; path = MovieSearchViewController.swift; sourceTree = "<group>"; };
		69EEEA69298A42DD00D3EDB1 /* Base */ = {isa = PBXFileReference; lastKnownFileType = file.storyboard; name = Base; path = Base.lproj/Main.storyboard; sourceTree = "<group>"; };
		69EEEA6C298A42DD00D3EDB1 /* IMDB_Movie_Ratings.xcdatamodel */ = {isa = PBXFileReference; lastKnownFileType = wrapper.xcdatamodel; path = IMDB_Movie_Ratings.xcdatamodel; sourceTree = "<group>"; };
		69EEEA6E298A42E300D3EDB1 /* Assets.xcassets */ = {isa = PBXFileReference; lastKnownFileType = folder.assetcatalog; path = Assets.xcassets; sourceTree = "<group>"; };
		69EEEA71298A42E300D3EDB1 /* Base */ = {isa = PBXFileReference; lastKnownFileType = file.storyboard; name = Base; path = Base.lproj/LaunchScreen.storyboard; sourceTree = "<group>"; };
		69EEEA73298A42E300D3EDB1 /* Info.plist */ = {isa = PBXFileReference; lastKnownFileType = text.plist.xml; path = Info.plist; sourceTree = "<group>"; };
		69EEEA79298A4BB200D3EDB1 /* HTTP Utility.swift */ = {isa = PBXFileReference; lastKnownFileType = sourcecode.swift; path = "HTTP Utility.swift"; sourceTree = "<group>"; };
		69EEEA7B298A4BCF00D3EDB1 /* Global Constants.swift */ = {isa = PBXFileReference; lastKnownFileType = sourcecode.swift; path = "Global Constants.swift"; sourceTree = "<group>"; };
		69EEEA7F298A52CA00D3EDB1 /* URLRequestModel.swift */ = {isa = PBXFileReference; lastKnownFileType = sourcecode.swift; path = URLRequestModel.swift; sourceTree = "<group>"; };
		69EEEA82298A555800D3EDB1 /* Movie Data Model.swift */ = {isa = PBXFileReference; lastKnownFileType = sourcecode.swift; path = "Movie Data Model.swift"; sourceTree = "<group>"; };
		69EEEA84298A68E100D3EDB1 /* MovieManager.swift */ = {isa = PBXFileReference; lastKnownFileType = sourcecode.swift; path = MovieManager.swift; sourceTree = "<group>"; };
		69EEEA87298A6F8C00D3EDB1 /* MovieCell.swift */ = {isa = PBXFileReference; lastKnownFileType = sourcecode.swift; path = MovieCell.swift; sourceTree = "<group>"; };
		69EEEA89298A846D00D3EDB1 /* View Extensions.swift */ = {isa = PBXFileReference; lastKnownFileType = sourcecode.swift; path = "View Extensions.swift"; sourceTree = "<group>"; };
		69EEEA8B298A8A1600D3EDB1 /* MovieViewModel.swift */ = {isa = PBXFileReference; lastKnownFileType = sourcecode.swift; path = MovieViewModel.swift; sourceTree = "<group>"; };
/* End PBXFileReference section */

/* Begin PBXFrameworksBuildPhase section */
		69789D65298B945B00FCC8E7 /* Frameworks */ = {
			isa = PBXFrameworksBuildPhase;
			buildActionMask = 2147483647;
			files = (
			);
			runOnlyForDeploymentPostprocessing = 0;
		};
		69EEEA5C298A42DD00D3EDB1 /* Frameworks */ = {
			isa = PBXFrameworksBuildPhase;
			buildActionMask = 2147483647;
			files = (
			);
			runOnlyForDeploymentPostprocessing = 0;
		};
/* End PBXFrameworksBuildPhase section */

/* Begin PBXGroup section */
		69789D69298B945B00FCC8E7 /* IMDB Movie RatingsTests */ = {
			isa = PBXGroup;
			children = (
				69789D6A298B945B00FCC8E7 /* IMDB_Movie_RatingsTests.swift */,
				69789D71298B9C5200FCC8E7 /* ValidationTest.swift */,
			);
			path = "IMDB Movie RatingsTests";
			sourceTree = "<group>";
		};
		69EEEA56298A42DD00D3EDB1 = {
			isa = PBXGroup;
			children = (
				69EEEA61298A42DD00D3EDB1 /* IMDB Movie Ratings */,
				69789D69298B945B00FCC8E7 /* IMDB Movie RatingsTests */,
				69EEEA60298A42DD00D3EDB1 /* Products */,
			);
			sourceTree = "<group>";
		};
		69EEEA60298A42DD00D3EDB1 /* Products */ = {
			isa = PBXGroup;
			children = (
				69EEEA5F298A42DD00D3EDB1 /* IMDB Movie Ratings.app */,
				69789D68298B945B00FCC8E7 /* IMDB Movie RatingsTests.xctest */,
			);
			name = Products;
			sourceTree = "<group>";
		};
		69EEEA61298A42DD00D3EDB1 /* IMDB Movie Ratings */ = {
			isa = PBXGroup;
			children = (
				69EEEA8E298AB38E00D3EDB1 /* App Life Cycle */,
				69EEEA8F298AB39E00D3EDB1 /* View Controllers */,
				69EEEA90298AB3B200D3EDB1 /* Resources */,
				69EEEA73298A42E300D3EDB1 /* Info.plist */,
				69EEEA7E298A4C5E00D3EDB1 /* Utility */,
				69EEEA7D298A4BE400D3EDB1 /* Endpoints */,
				69EEEA81298A52FF00D3EDB1 /* Model */,
				69EEEA86298A68EB00D3EDB1 /* Manager */,
				69EEEA91298AB3D500D3EDB1 /* Views */,
				69EEEA8D298AB36E00D3EDB1 /* Extensions */,
			);
			path = "IMDB Movie Ratings";
			sourceTree = "<group>";
		};
		69EEEA7D298A4BE400D3EDB1 /* Endpoints */ = {
			isa = PBXGroup;
			children = (
				69EEEA7B298A4BCF00D3EDB1 /* Global Constants.swift */,
			);
			path = Endpoints;
			sourceTree = "<group>";
		};
		69EEEA7E298A4C5E00D3EDB1 /* Utility */ = {
			isa = PBXGroup;
			children = (
				69EEEA79298A4BB200D3EDB1 /* HTTP Utility.swift */,
			);
			path = Utility;
			sourceTree = "<group>";
		};
		69EEEA81298A52FF00D3EDB1 /* Model */ = {
			isa = PBXGroup;
			children = (
				69EEEA6B298A42DD00D3EDB1 /* IMDB_Movie_Ratings.xcdatamodeld */,
				69EEEA7F298A52CA00D3EDB1 /* URLRequestModel.swift */,
				69EEEA82298A555800D3EDB1 /* Movie Data Model.swift */,
				69EEEA8B298A8A1600D3EDB1 /* MovieViewModel.swift */,
			);
			name = Model;
			sourceTree = "<group>";
		};
		69EEEA86298A68EB00D3EDB1 /* Manager */ = {
			isa = PBXGroup;
			children = (
				69EEEA84298A68E100D3EDB1 /* MovieManager.swift */,
			);
			path = Manager;
			sourceTree = "<group>";
		};
		69EEEA8D298AB36E00D3EDB1 /* Extensions */ = {
			isa = PBXGroup;
			children = (
				69EEEA89298A846D00D3EDB1 /* View Extensions.swift */,
			);
			path = Extensions;
			sourceTree = "<group>";
		};
		69EEEA8E298AB38E00D3EDB1 /* App Life Cycle */ = {
			isa = PBXGroup;
			children = (
				69EEEA62298A42DD00D3EDB1 /* AppDelegate.swift */,
				69EEEA64298A42DD00D3EDB1 /* SceneDelegate.swift */,
			);
			path = "App Life Cycle";
			sourceTree = "<group>";
		};
		69EEEA8F298AB39E00D3EDB1 /* View Controllers */ = {
			isa = PBXGroup;
			children = (
				69EEEA66298A42DD00D3EDB1 /* MovieSearchViewController.swift */,
			);
			path = "View Controllers";
			sourceTree = "<group>";
		};
		69EEEA90298AB3B200D3EDB1 /* Resources */ = {
			isa = PBXGroup;
			children = (
				69EEEA68298A42DD00D3EDB1 /* Main.storyboard */,
				69EEEA6E298A42E300D3EDB1 /* Assets.xcassets */,
				69EEEA70298A42E300D3EDB1 /* LaunchScreen.storyboard */,
			);
			path = Resources;
			sourceTree = "<group>";
		};
		69EEEA91298AB3D500D3EDB1 /* Views */ = {
			isa = PBXGroup;
			children = (
				69EEEA87298A6F8C00D3EDB1 /* MovieCell.swift */,
			);
			path = Views;
			sourceTree = "<group>";
		};
/* End PBXGroup section */

/* Begin PBXNativeTarget section */
		69789D67298B945B00FCC8E7 /* IMDB Movie RatingsTests */ = {
			isa = PBXNativeTarget;
			buildConfigurationList = 69789D70298B945B00FCC8E7 /* Build configuration list for PBXNativeTarget "IMDB Movie RatingsTests" */;
			buildPhases = (
				69789D64298B945B00FCC8E7 /* Sources */,
				69789D65298B945B00FCC8E7 /* Frameworks */,
				69789D66298B945B00FCC8E7 /* Resources */,
			);
			buildRules = (
			);
			dependencies = (
				69789D6D298B945B00FCC8E7 /* PBXTargetDependency */,
			);
			name = "IMDB Movie RatingsTests";
			productName = "IMDB Movie RatingsTests";
			productReference = 69789D68298B945B00FCC8E7 /* IMDB Movie RatingsTests.xctest */;
			productType = "com.apple.product-type.bundle.unit-test";
		};
		69EEEA5E298A42DD00D3EDB1 /* IMDB Movie Ratings */ = {
			isa = PBXNativeTarget;
			buildConfigurationList = 69EEEA76298A42E300D3EDB1 /* Build configuration list for PBXNativeTarget "IMDB Movie Ratings" */;
			buildPhases = (
				69EEEA5B298A42DD00D3EDB1 /* Sources */,
				69EEEA5C298A42DD00D3EDB1 /* Frameworks */,
				69EEEA5D298A42DD00D3EDB1 /* Resources */,
			);
			buildRules = (
			);
			dependencies = (
			);
			name = "IMDB Movie Ratings";
			productName = "IMDB Movie Ratings";
			productReference = 69EEEA5F298A42DD00D3EDB1 /* IMDB Movie Ratings.app */;
			productType = "com.apple.product-type.application";
		};
/* End PBXNativeTarget section */

/* Begin PBXProject section */
		69EEEA57298A42DD00D3EDB1 /* Project object */ = {
			isa = PBXProject;
			attributes = {
				BuildIndependentTargetsInParallel = 1;
				LastSwiftUpdateCheck = 1420;
				LastUpgradeCheck = 1420;
				TargetAttributes = {
					69789D67298B945B00FCC8E7 = {
						CreatedOnToolsVersion = 14.2;
						TestTargetID = 69EEEA5E298A42DD00D3EDB1;
					};
					69EEEA5E298A42DD00D3EDB1 = {
						CreatedOnToolsVersion = 14.2;
					};
				};
			};
			buildConfigurationList = 69EEEA5A298A42DD00D3EDB1 /* Build configuration list for PBXProject "IMDB Movie Ratings" */;
			compatibilityVersion = "Xcode 14.0";
			developmentRegion = en;
			hasScannedForEncodings = 0;
			knownRegions = (
				en,
				Base,
			);
			mainGroup = 69EEEA56298A42DD00D3EDB1;
			productRefGroup = 69EEEA60298A42DD00D3EDB1 /* Products */;
			projectDirPath = "";
			projectRoot = "";
			targets = (
				69EEEA5E298A42DD00D3EDB1 /* IMDB Movie Ratings */,
				69789D67298B945B00FCC8E7 /* IMDB Movie RatingsTests */,
			);
		};
/* End PBXProject section */

/* Begin PBXResourcesBuildPhase section */
		69789D66298B945B00FCC8E7 /* Resources */ = {
			isa = PBXResourcesBuildPhase;
			buildActionMask = 2147483647;
			files = (
			);
			runOnlyForDeploymentPostprocessing = 0;
		};
		69EEEA5D298A42DD00D3EDB1 /* Resources */ = {
			isa = PBXResourcesBuildPhase;
			buildActionMask = 2147483647;
			files = (
				69EEEA72298A42E300D3EDB1 /* LaunchScreen.storyboard in Resources */,
				69EEEA6F298A42E300D3EDB1 /* Assets.xcassets in Resources */,
				69EEEA6A298A42DD00D3EDB1 /* Main.storyboard in Resources */,
			);
			runOnlyForDeploymentPostprocessing = 0;
		};
/* End PBXResourcesBuildPhase section */

/* Begin PBXSourcesBuildPhase section */
		69789D64298B945B00FCC8E7 /* Sources */ = {
			isa = PBXSourcesBuildPhase;
			buildActionMask = 2147483647;
			files = (
				69789D72298B9C5200FCC8E7 /* ValidationTest.swift in Sources */,
				69789D6B298B945B00FCC8E7 /* IMDB_Movie_RatingsTests.swift in Sources */,
			);
			runOnlyForDeploymentPostprocessing = 0;
		};
		69EEEA5B298A42DD00D3EDB1 /* Sources */ = {
			isa = PBXSourcesBuildPhase;
			buildActionMask = 2147483647;
			files = (
				69EEEA67298A42DD00D3EDB1 /* MovieSearchViewController.swift in Sources */,
				69EEEA6D298A42DE00D3EDB1 /* IMDB_Movie_Ratings.xcdatamodeld in Sources */,
				69EEEA7A298A4BB200D3EDB1 /* HTTP Utility.swift in Sources */,
				69EEEA80298A52CA00D3EDB1 /* URLRequestModel.swift in Sources */,
				69EEEA83298A555800D3EDB1 /* Movie Data Model.swift in Sources */,
				69EEEA63298A42DD00D3EDB1 /* AppDelegate.swift in Sources */,
				69EEEA65298A42DD00D3EDB1 /* SceneDelegate.swift in Sources */,
				69EEEA85298A68E100D3EDB1 /* MovieManager.swift in Sources */,
				69EEEA88298A6F8D00D3EDB1 /* MovieCell.swift in Sources */,
				69EEEA7C298A4BCF00D3EDB1 /* Global Constants.swift in Sources */,
				69EEEA8A298A846D00D3EDB1 /* View Extensions.swift in Sources */,
				69EEEA8C298A8A1600D3EDB1 /* MovieViewModel.swift in Sources */,
			);
			runOnlyForDeploymentPostprocessing = 0;
		};
/* End PBXSourcesBuildPhase section */

/* Begin PBXTargetDependency section */
		69789D6D298B945B00FCC8E7 /* PBXTargetDependency */ = {
			isa = PBXTargetDependency;
			target = 69EEEA5E298A42DD00D3EDB1 /* IMDB Movie Ratings */;
			targetProxy = 69789D6C298B945B00FCC8E7 /* PBXContainerItemProxy */;
		};
/* End PBXTargetDependency section */

/* Begin PBXVariantGroup section */
		69EEEA68298A42DD00D3EDB1 /* Main.storyboard */ = {
			isa = PBXVariantGroup;
			children = (
				69EEEA69298A42DD00D3EDB1 /* Base */,
			);
			name = Main.storyboard;
			sourceTree = "<group>";
		};
		69EEEA70298A42E300D3EDB1 /* LaunchScreen.storyboard */ = {
			isa = PBXVariantGroup;
			children = (
				69EEEA71298A42E300D3EDB1 /* Base */,
			);
			name = LaunchScreen.storyboard;
			sourceTree = "<group>";
		};
/* End PBXVariantGroup section */

/* Begin XCBuildConfiguration section */
		69789D6E298B945B00FCC8E7 /* Debug */ = {
			isa = XCBuildConfiguration;
			buildSettings = {
				BUNDLE_LOADER = "$(TEST_HOST)";
				CODE_SIGN_STYLE = Automatic;
				CURRENT_PROJECT_VERSION = 1;
				DEVELOPMENT_TEAM = 79CRQ957J7;
				GENERATE_INFOPLIST_FILE = YES;
				MARKETING_VERSION = 1.0;
				PRODUCT_BUNDLE_IDENTIFIER = "com.prahash.test.IMDB-Movie-RatingsTests";
				PRODUCT_NAME = "$(TARGET_NAME)";
				SWIFT_EMIT_LOC_STRINGS = NO;
				SWIFT_VERSION = 5.0;
				TARGETED_DEVICE_FAMILY = "1,2";
				TEST_HOST = "$(BUILT_PRODUCTS_DIR)/IMDB Movie Ratings.app/$(BUNDLE_EXECUTABLE_FOLDER_PATH)/IMDB Movie Ratings";
			};
			name = Debug;
		};
		69789D6F298B945B00FCC8E7 /* Release */ = {
			isa = XCBuildConfiguration;
			buildSettings = {
				BUNDLE_LOADER = "$(TEST_HOST)";
				CODE_SIGN_STYLE = Automatic;
				CURRENT_PROJECT_VERSION = 1;
				DEVELOPMENT_TEAM = 79CRQ957J7;
				GENERATE_INFOPLIST_FILE = YES;
				MARKETING_VERSION = 1.0;
				PRODUCT_BUNDLE_IDENTIFIER = "com.prahash.test.IMDB-Movie-RatingsTests";
				PRODUCT_NAME = "$(TARGET_NAME)";
				SWIFT_EMIT_LOC_STRINGS = NO;
				SWIFT_VERSION = 5.0;
				TARGETED_DEVICE_FAMILY = "1,2";
				TEST_HOST = "$(BUILT_PRODUCTS_DIR)/IMDB Movie Ratings.app/$(BUNDLE_EXECUTABLE_FOLDER_PATH)/IMDB Movie Ratings";
			};
			name = Release;
		};
		69EEEA74298A42E300D3EDB1 /* Debug */ = {
			isa = XCBuildConfiguration;
			buildSettings = {
				ALWAYS_SEARCH_USER_PATHS = NO;
				CLANG_ANALYZER_NONNULL = YES;
				CLANG_ANALYZER_NUMBER_OBJECT_CONVERSION = YES_AGGRESSIVE;
				CLANG_CXX_LANGUAGE_STANDARD = "gnu++20";
				CLANG_ENABLE_MODULES = YES;
				CLANG_ENABLE_OBJC_ARC = YES;
				CLANG_ENABLE_OBJC_WEAK = YES;
				CLANG_WARN_BLOCK_CAPTURE_AUTORELEASING = YES;
				CLANG_WARN_BOOL_CONVERSION = YES;
				CLANG_WARN_COMMA = YES;
				CLANG_WARN_CONSTANT_CONVERSION = YES;
				CLANG_WARN_DEPRECATED_OBJC_IMPLEMENTATIONS = YES;
				CLANG_WARN_DIRECT_OBJC_ISA_USAGE = YES_ERROR;
				CLANG_WARN_DOCUMENTATION_COMMENTS = YES;
				CLANG_WARN_EMPTY_BODY = YES;
				CLANG_WARN_ENUM_CONVERSION = YES;
				CLANG_WARN_INFINITE_RECURSION = YES;
				CLANG_WARN_INT_CONVERSION = YES;
				CLANG_WARN_NON_LITERAL_NULL_CONVERSION = YES;
				CLANG_WARN_OBJC_IMPLICIT_RETAIN_SELF = YES;
				CLANG_WARN_OBJC_LITERAL_CONVERSION = YES;
				CLANG_WARN_OBJC_ROOT_CLASS = YES_ERROR;
				CLANG_WARN_QUOTED_INCLUDE_IN_FRAMEWORK_HEADER = YES;
				CLANG_WARN_RANGE_LOOP_ANALYSIS = YES;
				CLANG_WARN_STRICT_PROTOTYPES = YES;
				CLANG_WARN_SUSPICIOUS_MOVE = YES;
				CLANG_WARN_UNGUARDED_AVAILABILITY = YES_AGGRESSIVE;
				CLANG_WARN_UNREACHABLE_CODE = YES;
				CLANG_WARN__DUPLICATE_METHOD_MATCH = YES;
				COPY_PHASE_STRIP = NO;
				DEBUG_INFORMATION_FORMAT = dwarf;
				ENABLE_STRICT_OBJC_MSGSEND = YES;
				ENABLE_TESTABILITY = YES;
				GCC_C_LANGUAGE_STANDARD = gnu11;
				GCC_DYNAMIC_NO_PIC = NO;
				GCC_NO_COMMON_BLOCKS = YES;
				GCC_OPTIMIZATION_LEVEL = 0;
				GCC_PREPROCESSOR_DEFINITIONS = (
					"DEBUG=1",
					"$(inherited)",
				);
				GCC_WARN_64_TO_32_BIT_CONVERSION = YES;
				GCC_WARN_ABOUT_RETURN_TYPE = YES_ERROR;
				GCC_WARN_UNDECLARED_SELECTOR = YES;
				GCC_WARN_UNINITIALIZED_AUTOS = YES_AGGRESSIVE;
				GCC_WARN_UNUSED_FUNCTION = YES;
				GCC_WARN_UNUSED_VARIABLE = YES;
				IPHONEOS_DEPLOYMENT_TARGET = 16.2;
				MTL_ENABLE_DEBUG_INFO = INCLUDE_SOURCE;
				MTL_FAST_MATH = YES;
				ONLY_ACTIVE_ARCH = YES;
				SDKROOT = iphoneos;
				SWIFT_ACTIVE_COMPILATION_CONDITIONS = DEBUG;
				SWIFT_OPTIMIZATION_LEVEL = "-Onone";
			};
			name = Debug;
		};
		69EEEA75298A42E300D3EDB1 /* Release */ = {
			isa = XCBuildConfiguration;
			buildSettings = {
				ALWAYS_SEARCH_USER_PATHS = NO;
				CLANG_ANALYZER_NONNULL = YES;
				CLANG_ANALYZER_NUMBER_OBJECT_CONVERSION = YES_AGGRESSIVE;
				CLANG_CXX_LANGUAGE_STANDARD = "gnu++20";
				CLANG_ENABLE_MODULES = YES;
				CLANG_ENABLE_OBJC_ARC = YES;
				CLANG_ENABLE_OBJC_WEAK = YES;
				CLANG_WARN_BLOCK_CAPTURE_AUTORELEASING = YES;
				CLANG_WARN_BOOL_CONVERSION = YES;
				CLANG_WARN_COMMA = YES;
				CLANG_WARN_CONSTANT_CONVERSION = YES;
				CLANG_WARN_DEPRECATED_OBJC_IMPLEMENTATIONS = YES;
				CLANG_WARN_DIRECT_OBJC_ISA_USAGE = YES_ERROR;
				CLANG_WARN_DOCUMENTATION_COMMENTS = YES;
				CLANG_WARN_EMPTY_BODY = YES;
				CLANG_WARN_ENUM_CONVERSION = YES;
				CLANG_WARN_INFINITE_RECURSION = YES;
				CLANG_WARN_INT_CONVERSION = YES;
				CLANG_WARN_NON_LITERAL_NULL_CONVERSION = YES;
				CLANG_WARN_OBJC_IMPLICIT_RETAIN_SELF = YES;
				CLANG_WARN_OBJC_LITERAL_CONVERSION = YES;
				CLANG_WARN_OBJC_ROOT_CLASS = YES_ERROR;
				CLANG_WARN_QUOTED_INCLUDE_IN_FRAMEWORK_HEADER = YES;
				CLANG_WARN_RANGE_LOOP_ANALYSIS = YES;
				CLANG_WARN_STRICT_PROTOTYPES = YES;
				CLANG_WARN_SUSPICIOUS_MOVE = YES;
				CLANG_WARN_UNGUARDED_AVAILABILITY = YES_AGGRESSIVE;
				CLANG_WARN_UNREACHABLE_CODE = YES;
				CLANG_WARN__DUPLICATE_METHOD_MATCH = YES;
				COPY_PHASE_STRIP = NO;
				DEBUG_INFORMATION_FORMAT = "dwarf-with-dsym";
				ENABLE_NS_ASSERTIONS = NO;
				ENABLE_STRICT_OBJC_MSGSEND = YES;
				GCC_C_LANGUAGE_STANDARD = gnu11;
				GCC_NO_COMMON_BLOCKS = YES;
				GCC_WARN_64_TO_32_BIT_CONVERSION = YES;
				GCC_WARN_ABOUT_RETURN_TYPE = YES_ERROR;
				GCC_WARN_UNDECLARED_SELECTOR = YES;
				GCC_WARN_UNINITIALIZED_AUTOS = YES_AGGRESSIVE;
				GCC_WARN_UNUSED_FUNCTION = YES;
				GCC_WARN_UNUSED_VARIABLE = YES;
				IPHONEOS_DEPLOYMENT_TARGET = 16.2;
				MTL_ENABLE_DEBUG_INFO = NO;
				MTL_FAST_MATH = YES;
				SDKROOT = iphoneos;
				SWIFT_COMPILATION_MODE = wholemodule;
				SWIFT_OPTIMIZATION_LEVEL = "-O";
				VALIDATE_PRODUCT = YES;
			};
			name = Release;
		};
		69EEEA77298A42E300D3EDB1 /* Debug */ = {
			isa = XCBuildConfiguration;
			buildSettings = {
				ASSETCATALOG_COMPILER_APPICON_NAME = AppIcon;
				ASSETCATALOG_COMPILER_GLOBAL_ACCENT_COLOR_NAME = AccentColor;
				ASSETCATALOG_COMPILER_INCLUDE_ALL_APPICON_ASSETS = YES;
				CODE_SIGN_STYLE = Automatic;
				CURRENT_PROJECT_VERSION = 1;
				DEVELOPMENT_TEAM = 79CRQ957J7;
				GENERATE_INFOPLIST_FILE = YES;
				INFOPLIST_FILE = "IMDB Movie Ratings/Info.plist";
				INFOPLIST_KEY_UIApplicationSupportsIndirectInputEvents = YES;
				INFOPLIST_KEY_UILaunchStoryboardName = LaunchScreen;
				INFOPLIST_KEY_UIMainStoryboardFile = Main;
				INFOPLIST_KEY_UISupportedInterfaceOrientations_iPad = "UIInterfaceOrientationPortrait UIInterfaceOrientationPortraitUpsideDown UIInterfaceOrientationLandscapeLeft UIInterfaceOrientationLandscapeRight";
				INFOPLIST_KEY_UISupportedInterfaceOrientations_iPhone = "UIInterfaceOrientationPortrait UIInterfaceOrientationLandscapeLeft UIInterfaceOrientationLandscapeRight";
				LD_RUNPATH_SEARCH_PATHS = (
					"$(inherited)",
					"@executable_path/Frameworks",
				);
				MARKETING_VERSION = 1.0;
				PRODUCT_BUNDLE_IDENTIFIER = "com.prahash.test.IMDB-Movie-Ratings";
				PRODUCT_NAME = "$(TARGET_NAME)";
				SWIFT_EMIT_LOC_STRINGS = YES;
				SWIFT_VERSION = 5.0;
				TARGETED_DEVICE_FAMILY = "1,2";
			};
			name = Debug;
		};
		69EEEA78298A42E300D3EDB1 /* Release */ = {
			isa = XCBuildConfiguration;
			buildSettings = {
				ASSETCATALOG_COMPILER_APPICON_NAME = AppIcon;
				ASSETCATALOG_COMPILER_GLOBAL_ACCENT_COLOR_NAME = AccentColor;
				ASSETCATALOG_COMPILER_INCLUDE_ALL_APPICON_ASSETS = YES;
				CODE_SIGN_STYLE = Automatic;
				CURRENT_PROJECT_VERSION = 1;
				DEVELOPMENT_TEAM = 79CRQ957J7;
				GENERATE_INFOPLIST_FILE = YES;
				INFOPLIST_FILE = "IMDB Movie Ratings/Info.plist";
				INFOPLIST_KEY_UIApplicationSupportsIndirectInputEvents = YES;
				INFOPLIST_KEY_UILaunchStoryboardName = LaunchScreen;
				INFOPLIST_KEY_UIMainStoryboardFile = Main;
				INFOPLIST_KEY_UISupportedInterfaceOrientations_iPad = "UIInterfaceOrientationPortrait UIInterfaceOrientationPortraitUpsideDown UIInterfaceOrientationLandscapeLeft UIInterfaceOrientationLandscapeRight";
				INFOPLIST_KEY_UISupportedInterfaceOrientations_iPhone = "UIInterfaceOrientationPortrait UIInterfaceOrientationLandscapeLeft UIInterfaceOrientationLandscapeRight";
				LD_RUNPATH_SEARCH_PATHS = (
					"$(inherited)",
					"@executable_path/Frameworks",
				);
				MARKETING_VERSION = 1.0;
				PRODUCT_BUNDLE_IDENTIFIER = "com.prahash.test.IMDB-Movie-Ratings";
				PRODUCT_NAME = "$(TARGET_NAME)";
				SWIFT_EMIT_LOC_STRINGS = YES;
				SWIFT_VERSION = 5.0;
				TARGETED_DEVICE_FAMILY = "1,2";
			};
			name = Release;
		};
/* End XCBuildConfiguration section */

/* Begin XCConfigurationList section */
		69789D70298B945B00FCC8E7 /* Build configuration list for PBXNativeTarget "IMDB Movie RatingsTests" */ = {
			isa = XCConfigurationList;
			buildConfigurations = (
				69789D6E298B945B00FCC8E7 /* Debug */,
				69789D6F298B945B00FCC8E7 /* Release */,
			);
			defaultConfigurationIsVisible = 0;
			defaultConfigurationName = Release;
		};
		69EEEA5A298A42DD00D3EDB1 /* Build configuration list for PBXProject "IMDB Movie Ratings" */ = {
			isa = XCConfigurationList;
			buildConfigurations = (
				69EEEA74298A42E300D3EDB1 /* Debug */,
				69EEEA75298A42E300D3EDB1 /* Release */,
			);
			defaultConfigurationIsVisible = 0;
			defaultConfigurationName = Release;
		};
		69EEEA76298A42E300D3EDB1 /* Build configuration list for PBXNativeTarget "IMDB Movie Ratings" */ = {
			isa = XCConfigurationList;
			buildConfigurations = (
				69EEEA77298A42E300D3EDB1 /* Debug */,
				69EEEA78298A42E300D3EDB1 /* Release */,
			);
			defaultConfigurationIsVisible = 0;
			defaultConfigurationName = Release;
		};
/* End XCConfigurationList section */

/* Begin XCVersionGroup section */
		69EEEA6B298A42DD00D3EDB1 /* IMDB_Movie_Ratings.xcdatamodeld */ = {
			isa = XCVersionGroup;
			children = (
				69EEEA6C298A42DD00D3EDB1 /* IMDB_Movie_Ratings.xcdatamodel */,
			);
			currentVersion = 69EEEA6C298A42DD00D3EDB1 /* IMDB_Movie_Ratings.xcdatamodel */;
			path = IMDB_Movie_Ratings.xcdatamodeld;
			sourceTree = "<group>";
			versionGroupType = wrapper.xcdatamodel;
		};
/* End XCVersionGroup section */
	};
	rootObject = 69EEEA57298A42DD00D3EDB1 /* Project object */;
}
